
Microsoft Visual Studio Solution File, Format Version 12.00
# Visual Studio 14
VisualStudioVersion = 14.0.22823.1
MinimumVisualStudioVersion = 10.0.40219.1
Project("{FAE04EC0-301F-11D3-BF4B-00C04F79EFBC}") = "FSLib.Extension", "src\FSLib.Extension.csproj", "{6D4588AA-A0FD-4364-972C-22B0AB7938F9}"
EndProject
Project("{FAE04EC0-301F-11D3-BF4B-00C04F79EFBC}") = "FSLib.Extension.NET35", "src\FSLib.Extension.NET35.csproj", "{D702E664-0484-485E-8AE0-453DA0A4CE50}"
EndProject
Project("{2150E333-8FDC-42A3-9474-1A3956D46DE8}") = "Solution Items", "Solution Items", "{17460889-70E2-4A73-BEDD-E11172FA62C7}"
	ProjectSection(SolutionItems) = preProject
		README.md = README.md
	EndProjectSection
EndProject
Project("{FAE04EC0-301F-11D3-BF4B-00C04F79EFBC}") = "FSLib.Extension.NET45", "src\FSLib.Extension.NET45.csproj", "{25ACFE5E-A634-465B-9B1B-053BEBFF84F9}"
EndProject
Global
	GlobalSection(SolutionConfigurationPlatforms) = preSolution
		Debug|Any CPU = Debug|Any CPU
		Release|Any CPU = Release|Any CPU
	EndGlobalSection
	GlobalSection(ProjectConfigurationPlatforms) = postSolution
		{6D4588AA-A0FD-4364-972C-22B0AB7938F9}.Debug|Any CPU.ActiveCfg = Debug|Any CPU
		{6D4588AA-A0FD-4364-972C-22B0AB7938F9}.Debug|Any CPU.Build.0 = Debug|Any CPU
		{6D4588AA-A0FD-4364-972C-22B0AB7938F9}.Release|Any CPU.ActiveCfg = Release|Any CPU
		{6D4588AA-A0FD-4364-972C-22B0AB7938F9}.Release|Any CPU.Build.0 = Release|Any CPU
		{D702E664-0484-485E-8AE0-453DA0A4CE50}.Debug|Any CPU.ActiveCfg = Debug|Any CPU
		{D702E664-0484-485E-8AE0-453DA0A4CE50}.Debug|Any CPU.Build.0 = Debug|Any CPU
		{D702E664-0484-485E-8AE0-453DA0A4CE50}.Release|Any CPU.ActiveCfg = Release|Any CPU
		{D702E664-0484-485E-8AE0-453DA0A4CE50}.Release|Any CPU.Build.0 = Release|Any CPU
		{25ACFE5E-A634-465B-9B1B-053BEBFF84F9}.Debug|Any CPU.ActiveCfg = Debug|Any CPU
		{25ACFE5E-A634-465B-9B1B-053BEBFF84F9}.Debug|Any CPU.Build.0 = Debug|Any CPU
		{25ACFE5E-A634-465B-9B1B-053BEBFF84F9}.Release|Any CPU.ActiveCfg = Release|Any CPU
		{25ACFE5E-A634-465B-9B1B-053BEBFF84F9}.Release|Any CPU.Build.0 = Release|Any CPU
	EndGlobalSection
	GlobalSection(SolutionProperties) = preSolution
		HideSolutionNode = FALSE
	EndGlobalSection
EndGlobal
