Microsoft Visual Studio Solution File, Format Version 12.00
# Visual Studio 15
VisualStudioVersion = 15.0.26114.2
MinimumVisualStudioVersion = 10.0.40219.1
Project("{9A19103F-16F7-4668-BE54-9A1E7A4F7556}") = "FSLib.Extension", "src\FSLib.Extension.csproj", "{0D09313D-3903-41B9-980F-7ABA1D4CF124}"
EndProject
Project("{9A19103F-16F7-4668-BE54-9A1E7A4F7556}") = "FSLib.Extension.NETCLR", "src\FSLib.Extension.NETCLR.csproj", "{14623F59-106F-48F9-A4CB-09DC39904ACD}"
EndProject
Global
	GlobalSection(SolutionConfigurationPlatforms) = preSolution
		Debug|Any CPU = Debug|Any CPU
		Debug|x64 = Debug|x64
		Debug|x86 = Debug|x86
		Release|Any CPU = Release|Any CPU
		Release|x64 = Release|x64
		Release|x86 = Release|x86
	EndGlobalSection
	GlobalSection(ProjectConfigurationPlatforms) = postSolution
		{0D09313D-3903-41B9-980F-7ABA1D4CF124}.Debug|Any CPU.ActiveCfg = Debug|Any CPU
		{0D09313D-3903-41B9-980F-7ABA1D4CF124}.Debug|Any CPU.Build.0 = Debug|Any CPU
		{0D09313D-3903-41B9-980F-7ABA1D4CF124}.Debug|x64.ActiveCfg = Debug|Any CPU
		{0D09313D-3903-41B9-980F-7ABA1D4CF124}.Debug|x64.Build.0 = Debug|Any CPU
		{0D09313D-3903-41B9-980F-7ABA1D4CF124}.Debug|x86.ActiveCfg = Debug|Any CPU
		{0D09313D-3903-41B9-980F-7ABA1D4CF124}.Debug|x86.Build.0 = Debug|Any CPU
		{0D09313D-3903-41B9-980F-7ABA1D4CF124}.Release|Any CPU.ActiveCfg = Release|Any CPU
		{0D09313D-3903-41B9-980F-7ABA1D4CF124}.Release|Any CPU.Build.0 = Release|Any CPU
		{0D09313D-3903-41B9-980F-7ABA1D4CF124}.Release|x64.ActiveCfg = Release|Any CPU
		{0D09313D-3903-41B9-980F-7ABA1D4CF124}.Release|x64.Build.0 = Release|Any CPU
		{0D09313D-3903-41B9-980F-7ABA1D4CF124}.Release|x86.ActiveCfg = Release|Any CPU
		{0D09313D-3903-41B9-980F-7ABA1D4CF124}.Release|x86.Build.0 = Release|Any CPU
		{14623F59-106F-48F9-A4CB-09DC39904ACD}.Debug|Any CPU.ActiveCfg = Debug|Any CPU
		{14623F59-106F-48F9-A4CB-09DC39904ACD}.Debug|Any CPU.Build.0 = Debug|Any CPU
		{14623F59-106F-48F9-A4CB-09DC39904ACD}.Debug|x64.ActiveCfg = Debug|Any CPU
		{14623F59-106F-48F9-A4CB-09DC39904ACD}.Debug|x64.Build.0 = Debug|Any CPU
		{14623F59-106F-48F9-A4CB-09DC39904ACD}.Debug|x86.ActiveCfg = Debug|Any CPU
		{14623F59-106F-48F9-A4CB-09DC39904ACD}.Debug|x86.Build.0 = Debug|Any CPU
		{14623F59-106F-48F9-A4CB-09DC39904ACD}.Release|Any CPU.ActiveCfg = Release|Any CPU
		{14623F59-106F-48F9-A4CB-09DC39904ACD}.Release|Any CPU.Build.0 = Release|Any CPU
		{14623F59-106F-48F9-A4CB-09DC39904ACD}.Release|x64.ActiveCfg = Release|Any CPU
		{14623F59-106F-48F9-A4CB-09DC39904ACD}.Release|x64.Build.0 = Release|Any CPU
		{14623F59-106F-48F9-A4CB-09DC39904ACD}.Release|x86.ActiveCfg = Release|Any CPU
		{14623F59-106F-48F9-A4CB-09DC39904ACD}.Release|x86.Build.0 = Release|Any CPU
	EndGlobalSection
	GlobalSection(SolutionProperties) = preSolution
		HideSolutionNode = FALSE
	EndGlobalSection
	GlobalSection(ExtensibilityGlobals) = postSolution
		SolutionGuid = {557CB739-E6B1-42E8-80FC-93D5F1747076}
	EndGlobalSection
EndGlobal
